
Microsoft Visual Studio Solution File, Format Version 12.00
# Visual Studio Version 17
VisualStudioVersion = 17.13.35919.96 d17.13
MinimumVisualStudioVersion = 10.0.40219.1
Project("{FAE04EC0-301F-11D3-BF4B-00C04F79EFBC}") = "TODOAPI", "TODOAPI\TODOAPI.csproj", "{228CB254-1889-4889-8515-7B65B7B5DEDA}"
EndProject
Global
	GlobalSection(SolutionConfigurationPlatforms) = preSolution
		Debug|Any CPU = Debug|Any CPU
		Release|Any CPU = Release|Any CPU
	EndGlobalSection
	GlobalSection(ProjectConfigurationPlatforms) = postSolution
		{228CB254-1889-4889-8515-7B65B7B5DEDA}.Debug|Any CPU.ActiveCfg = Debug|Any CPU
		{228CB254-1889-4889-8515-7B65B7B5DEDA}.Debug|Any CPU.Build.0 = Debug|Any CPU
		{228CB254-1889-4889-8515-7B65B7B5DEDA}.Release|Any CPU.ActiveCfg = Release|Any CPU
		{228CB254-1889-4889-8515-7B65B7B5DEDA}.Release|Any CPU.Build.0 = Release|Any CPU
	EndGlobalSection
	GlobalSection(SolutionProperties) = preSolution
		HideSolutionNode = FALSE
	EndGlobalSection
	GlobalSection(ExtensibilityGlobals) = postSolution
		SolutionGuid = {FE643AD1-8ADF-41BC-8687-EEC7F7163583}
	EndGlobalSection
EndGlobal
